// !$*UTF8*$!
{
	archiveVersion = 1;
	classes = {
	};
	objectVersion = 56;
	objects = {

/* Begin PBXBuildFile section */
		7A78D1852B327243001107FB /* CodingPracticeApp.swift in Sources */ = {isa = PBXBuildFile; fileRef = 7A78D1842B327243001107FB /* CodingPracticeApp.swift */; };
		7A78D1872B327244001107FB /* FormView.swift in Sources */ = {isa = PBXBuildFile; fileRef = 7A78D1862B327244001107FB /* FormView.swift */; };
		7A78D1892B327245001107FB /* Assets.xcassets in Resources */ = {isa = PBXBuildFile; fileRef = 7A78D1882B327245001107FB /* Assets.xcassets */; };
		7A78D18C2B327245001107FB /* Preview Assets.xcassets in Resources */ = {isa = PBXBuildFile; fileRef = 7A78D18B2B327245001107FB /* Preview Assets.xcassets */; };
		7A78D1962B327245001107FB /* CodingPracticeTests.swift in Sources */ = {isa = PBXBuildFile; fileRef = 7A78D1952B327245001107FB /* CodingPracticeTests.swift */; };
		7A78D1A02B327245001107FB /* CodingPracticeUITests.swift in Sources */ = {isa = PBXBuildFile; fileRef = 7A78D19F2B327245001107FB /* CodingPracticeUITests.swift */; };
		7A78D1A22B327245001107FB /* CodingPracticeUITestsLaunchTests.swift in Sources */ = {isa = PBXBuildFile; fileRef = 7A78D1A12B327245001107FB /* CodingPracticeUITestsLaunchTests.swift */; };
		7A8240202B3A092D0004910D /* ApiHandlerView.swift in Sources */ = {isa = PBXBuildFile; fileRef = 7A82401F2B3A092D0004910D /* ApiHandlerView.swift */; };
		7A8240252B3B4EDB0004910D /* ApiRouter.swift in Sources */ = {isa = PBXBuildFile; fileRef = 7A8240242B3B4EDB0004910D /* ApiRouter.swift */; };
		7A8240272B3B59850004910D /* ApiHandlerViewModel.swift in Sources */ = {isa = PBXBuildFile; fileRef = 7A8240262B3B59850004910D /* ApiHandlerViewModel.swift */; };
		7A8240292B3B60AB0004910D /* ApiHandlerTests.swift in Sources */ = {isa = PBXBuildFile; fileRef = 7A8240282B3B60AB0004910D /* ApiHandlerTests.swift */; };
		7A82402C2B3BAACA0004910D /* PropertyList.plist in Resources */ = {isa = PBXBuildFile; fileRef = 7A82402B2B3BAACA0004910D /* PropertyList.plist */; };
		7A82402E2B3BB5410004910D /* MovieApiHandlerView.swift in Sources */ = {isa = PBXBuildFile; fileRef = 7A82402D2B3BB5410004910D /* MovieApiHandlerView.swift */; };
		7ABEDAB02B34878500200A2A /* PropertyWrapperView.swift in Sources */ = {isa = PBXBuildFile; fileRef = 7ABEDAAF2B34878500200A2A /* PropertyWrapperView.swift */; };
/* End PBXBuildFile section */

/* Begin PBXContainerItemProxy section */
		7A78D1922B327245001107FB /* PBXContainerItemProxy */ = {
			isa = PBXContainerItemProxy;
			containerPortal = 7A78D1792B327243001107FB /* Project object */;
			proxyType = 1;
			remoteGlobalIDString = 7A78D1802B327243001107FB;
			remoteInfo = CodingPractice;
		};
		7A78D19C2B327245001107FB /* PBXContainerItemProxy */ = {
			isa = PBXContainerItemProxy;
			containerPortal = 7A78D1792B327243001107FB /* Project object */;
			proxyType = 1;
			remoteGlobalIDString = 7A78D1802B327243001107FB;
			remoteInfo = CodingPractice;
		};
/* End PBXContainerItemProxy section */

/* Begin PBXFileReference section */
		7A78D1812B327243001107FB /* CodingPractice.app */ = {isa = PBXFileReference; explicitFileType = wrapper.application; includeInIndex = 0; path = CodingPractice.app; sourceTree = BUILT_PRODUCTS_DIR; };
		7A78D1842B327243001107FB /* CodingPracticeApp.swift */ = {isa = PBXFileReference; lastKnownFileType = sourcecode.swift; path = CodingPracticeApp.swift; sourceTree = "<group>"; };
		7A78D1862B327244001107FB /* FormView.swift */ = {isa = PBXFileReference; lastKnownFileType = sourcecode.swift; path = FormView.swift; sourceTree = "<group>"; };
		7A78D1882B327245001107FB /* Assets.xcassets */ = {isa = PBXFileReference; lastKnownFileType = folder.assetcatalog; path = Assets.xcassets; sourceTree = "<group>"; };
		7A78D18B2B327245001107FB /* Preview Assets.xcassets */ = {isa = PBXFileReference; lastKnownFileType = folder.assetcatalog; path = "Preview Assets.xcassets"; sourceTree = "<group>"; };
		7A78D1912B327245001107FB /* CodingPracticeTests.xctest */ = {isa = PBXFileReference; explicitFileType = wrapper.cfbundle; includeInIndex = 0; path = CodingPracticeTests.xctest; sourceTree = BUILT_PRODUCTS_DIR; };
		7A78D1952B327245001107FB /* CodingPracticeTests.swift */ = {isa = PBXFileReference; lastKnownFileType = sourcecode.swift; path = CodingPracticeTests.swift; sourceTree = "<group>"; };
		7A78D19B2B327245001107FB /* CodingPracticeUITests.xctest */ = {isa = PBXFileReference; explicitFileType = wrapper.cfbundle; includeInIndex = 0; path = CodingPracticeUITests.xctest; sourceTree = BUILT_PRODUCTS_DIR; };
		7A78D19F2B327245001107FB /* CodingPracticeUITests.swift */ = {isa = PBXFileReference; lastKnownFileType = sourcecode.swift; path = CodingPracticeUITests.swift; sourceTree = "<group>"; };
		7A78D1A12B327245001107FB /* CodingPracticeUITestsLaunchTests.swift */ = {isa = PBXFileReference; lastKnownFileType = sourcecode.swift; path = CodingPracticeUITestsLaunchTests.swift; sourceTree = "<group>"; };
		7A82401F2B3A092D0004910D /* ApiHandlerView.swift */ = {isa = PBXFileReference; lastKnownFileType = sourcecode.swift; path = ApiHandlerView.swift; sourceTree = "<group>"; };
		7A8240242B3B4EDB0004910D /* ApiRouter.swift */ = {isa = PBXFileReference; lastKnownFileType = sourcecode.swift; path = ApiRouter.swift; sourceTree = "<group>"; };
		7A8240262B3B59850004910D /* ApiHandlerViewModel.swift */ = {isa = PBXFileReference; lastKnownFileType = sourcecode.swift; path = ApiHandlerViewModel.swift; sourceTree = "<group>"; };
		7A8240282B3B60AB0004910D /* ApiHandlerTests.swift */ = {isa = PBXFileReference; lastKnownFileType = sourcecode.swift; path = ApiHandlerTests.swift; sourceTree = "<group>"; };
		7A82402A2B3BA6600004910D /* Info.plist */ = {isa = PBXFileReference; lastKnownFileType = text.plist; path = Info.plist; sourceTree = "<group>"; };
		7A82402B2B3BAACA0004910D /* PropertyList.plist */ = {isa = PBXFileReference; lastKnownFileType = text.plist.xml; path = PropertyList.plist; sourceTree = "<group>"; };
		7A82402D2B3BB5410004910D /* MovieApiHandlerView.swift */ = {isa = PBXFileReference; lastKnownFileType = sourcecode.swift; path = MovieApiHandlerView.swift; sourceTree = "<group>"; };
		7ABEDAAF2B34878500200A2A /* PropertyWrapperView.swift */ = {isa = PBXFileReference; lastKnownFileType = sourcecode.swift; path = PropertyWrapperView.swift; sourceTree = "<group>"; };
/* End PBXFileReference section */

/* Begin PBXFrameworksBuildPhase section */
		7A78D17E2B327243001107FB /* Frameworks */ = {
			isa = PBXFrameworksBuildPhase;
			buildActionMask = 2147483647;
			files = (
			);
			runOnlyForDeploymentPostprocessing = 0;
		};
		7A78D18E2B327245001107FB /* Frameworks */ = {
			isa = PBXFrameworksBuildPhase;
			buildActionMask = 2147483647;
			files = (
			);
			runOnlyForDeploymentPostprocessing = 0;
		};
		7A78D1982B327245001107FB /* Frameworks */ = {
			isa = PBXFrameworksBuildPhase;
			buildActionMask = 2147483647;
			files = (
			);
			runOnlyForDeploymentPostprocessing = 0;
		};
/* End PBXFrameworksBuildPhase section */

/* Begin PBXGroup section */
		7A78D1782B327243001107FB = {
			isa = PBXGroup;
			children = (
				7A82402B2B3BAACA0004910D /* PropertyList.plist */,
				7A78D1832B327243001107FB /* CodingPractice */,
				7A78D1942B327245001107FB /* CodingPracticeTests */,
				7A78D19E2B327245001107FB /* CodingPracticeUITests */,
				7A78D1822B327243001107FB /* Products */,
			);
			sourceTree = "<group>";
		};
		7A78D1822B327243001107FB /* Products */ = {
			isa = PBXGroup;
			children = (
				7A78D1812B327243001107FB /* CodingPractice.app */,
				7A78D1912B327245001107FB /* CodingPracticeTests.xctest */,
				7A78D19B2B327245001107FB /* CodingPracticeUITests.xctest */,
			);
			name = Products;
			sourceTree = "<group>";
		};
		7A78D1832B327243001107FB /* CodingPractice */ = {
			isa = PBXGroup;
			children = (
				7A82402A2B3BA6600004910D /* Info.plist */,
				7A78D1842B327243001107FB /* CodingPracticeApp.swift */,
				7ABEDAAF2B34878500200A2A /* PropertyWrapperView.swift */,
				7A78D1862B327244001107FB /* FormView.swift */,
				7A8240212B3A09410004910D /* MockApi */,
				7A78D1882B327245001107FB /* Assets.xcassets */,
				7A78D18A2B327245001107FB /* Preview Content */,
			);
			path = CodingPractice;
			sourceTree = "<group>";
		};
		7A78D18A2B327245001107FB /* Preview Content */ = {
			isa = PBXGroup;
			children = (
				7A78D18B2B327245001107FB /* Preview Assets.xcassets */,
			);
			path = "Preview Content";
			sourceTree = "<group>";
		};
		7A78D1942B327245001107FB /* CodingPracticeTests */ = {
			isa = PBXGroup;
			children = (
				7A78D1952B327245001107FB /* CodingPracticeTests.swift */,
			);
			path = CodingPracticeTests;
			sourceTree = "<group>";
		};
		7A78D19E2B327245001107FB /* CodingPracticeUITests */ = {
			isa = PBXGroup;
			children = (
				7A78D19F2B327245001107FB /* CodingPracticeUITests.swift */,
				7A78D1A12B327245001107FB /* CodingPracticeUITestsLaunchTests.swift */,
				7A8240282B3B60AB0004910D /* ApiHandlerTests.swift */,
			);
			path = CodingPracticeUITests;
			sourceTree = "<group>";
		};
		7A8240212B3A09410004910D /* MockApi */ = {
			isa = PBXGroup;
			children = (
				7A82401F2B3A092D0004910D /* ApiHandlerView.swift */,
				7A8240242B3B4EDB0004910D /* ApiRouter.swift */,
				7A8240262B3B59850004910D /* ApiHandlerViewModel.swift */,
				7A82402D2B3BB5410004910D /* MovieApiHandlerView.swift */,
			);
			path = MockApi;
			sourceTree = "<group>";
		};
/* End PBXGroup section */

/* Begin PBXNativeTarget section */
		7A78D1802B327243001107FB /* CodingPractice */ = {
			isa = PBXNativeTarget;
			buildConfigurationList = 7A78D1A52B327245001107FB /* Build configuration list for PBXNativeTarget "CodingPractice" */;
			buildPhases = (
				7A78D17D2B327243001107FB /* Sources */,
				7A78D17E2B327243001107FB /* Frameworks */,
				7A78D17F2B327243001107FB /* Resources */,
			);
			buildRules = (
			);
			dependencies = (
			);
			name = CodingPractice;
			productName = CodingPractice;
			productReference = 7A78D1812B327243001107FB /* CodingPractice.app */;
			productType = "com.apple.product-type.application";
		};
		7A78D1902B327245001107FB /* CodingPracticeTests */ = {
			isa = PBXNativeTarget;
			buildConfigurationList = 7A78D1A82B327245001107FB /* Build configuration list for PBXNativeTarget "CodingPracticeTests" */;
			buildPhases = (
				7A78D18D2B327245001107FB /* Sources */,
				7A78D18E2B327245001107FB /* Frameworks */,
				7A78D18F2B327245001107FB /* Resources */,
			);
			buildRules = (
			);
			dependencies = (
				7A78D1932B327245001107FB /* PBXTargetDependency */,
			);
			name = CodingPracticeTests;
			productName = CodingPracticeTests;
			productReference = 7A78D1912B327245001107FB /* CodingPracticeTests.xctest */;
			productType = "com.apple.product-type.bundle.unit-test";
		};
		7A78D19A2B327245001107FB /* CodingPracticeUITests */ = {
			isa = PBXNativeTarget;
			buildConfigurationList = 7A78D1AB2B327245001107FB /* Build configuration list for PBXNativeTarget "CodingPracticeUITests" */;
			buildPhases = (
				7A78D1972B327245001107FB /* Sources */,
				7A78D1982B327245001107FB /* Frameworks */,
				7A78D1992B327245001107FB /* Resources */,
			);
			buildRules = (
			);
			dependencies = (
				7A78D19D2B327245001107FB /* PBXTargetDependency */,
			);
			name = CodingPracticeUITests;
			productName = CodingPracticeUITests;
			productReference = 7A78D19B2B327245001107FB /* CodingPracticeUITests.xctest */;
			productType = "com.apple.product-type.bundle.ui-testing";
		};
/* End PBXNativeTarget section */

/* Begin PBXProject section */
		7A78D1792B327243001107FB /* Project object */ = {
			isa = PBXProject;
			attributes = {
				BuildIndependentTargetsInParallel = 1;
				LastSwiftUpdateCheck = 1510;
				LastUpgradeCheck = 1510;
				TargetAttributes = {
					7A78D1802B327243001107FB = {
						CreatedOnToolsVersion = 15.1;
					};
					7A78D1902B327245001107FB = {
						CreatedOnToolsVersion = 15.1;
						TestTargetID = 7A78D1802B327243001107FB;
					};
					7A78D19A2B327245001107FB = {
						CreatedOnToolsVersion = 15.1;
						TestTargetID = 7A78D1802B327243001107FB;
					};
				};
			};
			buildConfigurationList = 7A78D17C2B327243001107FB /* Build configuration list for PBXProject "CodingPractice" */;
			compatibilityVersion = "Xcode 14.0";
			developmentRegion = en;
			hasScannedForEncodings = 0;
			knownRegions = (
				en,
				Base,
			);
			mainGroup = 7A78D1782B327243001107FB;
			productRefGroup = 7A78D1822B327243001107FB /* Products */;
			projectDirPath = "";
			projectRoot = "";
			targets = (
				7A78D1802B327243001107FB /* CodingPractice */,
				7A78D1902B327245001107FB /* CodingPracticeTests */,
				7A78D19A2B327245001107FB /* CodingPracticeUITests */,
			);
		};
/* End PBXProject section */

/* Begin PBXResourcesBuildPhase section */
		7A78D17F2B327243001107FB /* Resources */ = {
			isa = PBXResourcesBuildPhase;
			buildActionMask = 2147483647;
			files = (
				7A82402C2B3BAACA0004910D /* PropertyList.plist in Resources */,
				7A78D18C2B327245001107FB /* Preview Assets.xcassets in Resources */,
				7A78D1892B327245001107FB /* Assets.xcassets in Resources */,
			);
			runOnlyForDeploymentPostprocessing = 0;
		};
		7A78D18F2B327245001107FB /* Resources */ = {
			isa = PBXResourcesBuildPhase;
			buildActionMask = 2147483647;
			files = (
			);
			runOnlyForDeploymentPostprocessing = 0;
		};
		7A78D1992B327245001107FB /* Resources */ = {
			isa = PBXResourcesBuildPhase;
			buildActionMask = 2147483647;
			files = (
			);
			runOnlyForDeploymentPostprocessing = 0;
		};
/* End PBXResourcesBuildPhase section */

/* Begin PBXSourcesBuildPhase section */
		7A78D17D2B327243001107FB /* Sources */ = {
			isa = PBXSourcesBuildPhase;
			buildActionMask = 2147483647;
			files = (
				7A78D1872B327244001107FB /* FormView.swift in Sources */,
				7A8240252B3B4EDB0004910D /* ApiRouter.swift in Sources */,
				7A8240272B3B59850004910D /* ApiHandlerViewModel.swift in Sources */,
				7A8240202B3A092D0004910D /* ApiHandlerView.swift in Sources */,
				7A78D1852B327243001107FB /* CodingPracticeApp.swift in Sources */,
				7A82402E2B3BB5410004910D /* MovieApiHandlerView.swift in Sources */,
				7ABEDAB02B34878500200A2A /* PropertyWrapperView.swift in Sources */,
			);
			runOnlyForDeploymentPostprocessing = 0;
		};
		7A78D18D2B327245001107FB /* Sources */ = {
			isa = PBXSourcesBuildPhase;
			buildActionMask = 2147483647;
			files = (
				7A78D1962B327245001107FB /* CodingPracticeTests.swift in Sources */,
			);
			runOnlyForDeploymentPostprocessing = 0;
		};
		7A78D1972B327245001107FB /* Sources */ = {
			isa = PBXSourcesBuildPhase;
			buildActionMask = 2147483647;
			files = (
				7A8240292B3B60AB0004910D /* ApiHandlerTests.swift in Sources */,
				7A78D1A02B327245001107FB /* CodingPracticeUITests.swift in Sources */,
				7A78D1A22B327245001107FB /* CodingPracticeUITestsLaunchTests.swift in Sources */,
			);
			runOnlyForDeploymentPostprocessing = 0;
		};
/* End PBXSourcesBuildPhase section */

/* Begin PBXTargetDependency section */
		7A78D1932B327245001107FB /* PBXTargetDependency */ = {
			isa = PBXTargetDependency;
			target = 7A78D1802B327243001107FB /* CodingPractice */;
			targetProxy = 7A78D1922B327245001107FB /* PBXContainerItemProxy */;
		};
		7A78D19D2B327245001107FB /* PBXTargetDependency */ = {
			isa = PBXTargetDependency;
			target = 7A78D1802B327243001107FB /* CodingPractice */;
			targetProxy = 7A78D19C2B327245001107FB /* PBXContainerItemProxy */;
		};
/* End PBXTargetDependency section */

/* Begin XCBuildConfiguration section */
		7A78D1A32B327245001107FB /* Debug */ = {
			isa = XCBuildConfiguration;
			buildSettings = {
				ALWAYS_SEARCH_USER_PATHS = NO;
				ASSETCATALOG_COMPILER_GENERATE_SWIFT_ASSET_SYMBOL_EXTENSIONS = YES;
				CLANG_ANALYZER_NONNULL = YES;
				CLANG_ANALYZER_NUMBER_OBJECT_CONVERSION = YES_AGGRESSIVE;
				CLANG_CXX_LANGUAGE_STANDARD = "gnu++20";
				CLANG_ENABLE_MODULES = YES;
				CLANG_ENABLE_OBJC_ARC = YES;
				CLANG_ENABLE_OBJC_WEAK = YES;
				CLANG_WARN_BLOCK_CAPTURE_AUTORELEASING = YES;
				CLANG_WARN_BOOL_CONVERSION = YES;
				CLANG_WARN_COMMA = YES;
				CLANG_WARN_CONSTANT_CONVERSION = YES;
				CLANG_WARN_DEPRECATED_OBJC_IMPLEMENTATIONS = YES;
				CLANG_WARN_DIRECT_OBJC_ISA_USAGE = YES_ERROR;
				CLANG_WARN_DOCUMENTATION_COMMENTS = YES;
				CLANG_WARN_EMPTY_BODY = YES;
				CLANG_WARN_ENUM_CONVERSION = YES;
				CLANG_WARN_INFINITE_RECURSION = YES;
				CLANG_WARN_INT_CONVERSION = YES;
				CLANG_WARN_NON_LITERAL_NULL_CONVERSION = YES;
				CLANG_WARN_OBJC_IMPLICIT_RETAIN_SELF = YES;
				CLANG_WARN_OBJC_LITERAL_CONVERSION = YES;
				CLANG_WARN_OBJC_ROOT_CLASS = YES_ERROR;
				CLANG_WARN_QUOTED_INCLUDE_IN_FRAMEWORK_HEADER = YES;
				CLANG_WARN_RANGE_LOOP_ANALYSIS = YES;
				CLANG_WARN_STRICT_PROTOTYPES = YES;
				CLANG_WARN_SUSPICIOUS_MOVE = YES;
				CLANG_WARN_UNGUARDED_AVAILABILITY = YES_AGGRESSIVE;
				CLANG_WARN_UNREACHABLE_CODE = YES;
				CLANG_WARN__DUPLICATE_METHOD_MATCH = YES;
				COPY_PHASE_STRIP = NO;
				DEBUG_INFORMATION_FORMAT = dwarf;
				ENABLE_STRICT_OBJC_MSGSEND = YES;
				ENABLE_TESTABILITY = YES;
				ENABLE_USER_SCRIPT_SANDBOXING = YES;
				GCC_C_LANGUAGE_STANDARD = gnu17;
				GCC_DYNAMIC_NO_PIC = NO;
				GCC_NO_COMMON_BLOCKS = YES;
				GCC_OPTIMIZATION_LEVEL = 0;
				GCC_PREPROCESSOR_DEFINITIONS = (
					"DEBUG=1",
					"$(inherited)",
				);
				GCC_WARN_64_TO_32_BIT_CONVERSION = YES;
				GCC_WARN_ABOUT_RETURN_TYPE = YES_ERROR;
				GCC_WARN_UNDECLARED_SELECTOR = YES;
				GCC_WARN_UNINITIALIZED_AUTOS = YES_AGGRESSIVE;
				GCC_WARN_UNUSED_FUNCTION = YES;
				GCC_WARN_UNUSED_VARIABLE = YES;
				IPHONEOS_DEPLOYMENT_TARGET = 16.0;
				LOCALIZATION_PREFERS_STRING_CATALOGS = YES;
				MTL_ENABLE_DEBUG_INFO = INCLUDE_SOURCE;
				MTL_FAST_MATH = YES;
				ONLY_ACTIVE_ARCH = YES;
				SDKROOT = iphoneos;
				SWIFT_ACTIVE_COMPILATION_CONDITIONS = "DEBUG $(inherited)";
				SWIFT_OPTIMIZATION_LEVEL = "-Onone";
			};
			name = Debug;
		};
		7A78D1A42B327245001107FB /* Release */ = {
			isa = XCBuildConfiguration;
			buildSettings = {
				ALWAYS_SEARCH_USER_PATHS = NO;
				ASSETCATALOG_COMPILER_GENERATE_SWIFT_ASSET_SYMBOL_EXTENSIONS = YES;
				CLANG_ANALYZER_NONNULL = YES;
				CLANG_ANALYZER_NUMBER_OBJECT_CONVERSION = YES_AGGRESSIVE;
				CLANG_CXX_LANGUAGE_STANDARD = "gnu++20";
				CLANG_ENABLE_MODULES = YES;
				CLANG_ENABLE_OBJC_ARC = YES;
				CLANG_ENABLE_OBJC_WEAK = YES;
				CLANG_WARN_BLOCK_CAPTURE_AUTORELEASING = YES;
				CLANG_WARN_BOOL_CONVERSION = YES;
				CLANG_WARN_COMMA = YES;
				CLANG_WARN_CONSTANT_CONVERSION = YES;
				CLANG_WARN_DEPRECATED_OBJC_IMPLEMENTATIONS = YES;
				CLANG_WARN_DIRECT_OBJC_ISA_USAGE = YES_ERROR;
				CLANG_WARN_DOCUMENTATION_COMMENTS = YES;
				CLANG_WARN_EMPTY_BODY = YES;
				CLANG_WARN_ENUM_CONVERSION = YES;
				CLANG_WARN_INFINITE_RECURSION = YES;
				CLANG_WARN_INT_CONVERSION = YES;
				CLANG_WARN_NON_LITERAL_NULL_CONVERSION = YES;
				CLANG_WARN_OBJC_IMPLICIT_RETAIN_SELF = YES;
				CLANG_WARN_OBJC_LITERAL_CONVERSION = YES;
				CLANG_WARN_OBJC_ROOT_CLASS = YES_ERROR;
				CLANG_WARN_QUOTED_INCLUDE_IN_FRAMEWORK_HEADER = YES;
				CLANG_WARN_RANGE_LOOP_ANALYSIS = YES;
				CLANG_WARN_STRICT_PROTOTYPES = YES;
				CLANG_WARN_SUSPICIOUS_MOVE = YES;
				CLANG_WARN_UNGUARDED_AVAILABILITY = YES_AGGRESSIVE;
				CLANG_WARN_UNREACHABLE_CODE = YES;
				CLANG_WARN__DUPLICATE_METHOD_MATCH = YES;
				COPY_PHASE_STRIP = NO;
				DEBUG_INFORMATION_FORMAT = "dwarf-with-dsym";
				ENABLE_NS_ASSERTIONS = NO;
				ENABLE_STRICT_OBJC_MSGSEND = YES;
				ENABLE_USER_SCRIPT_SANDBOXING = YES;
				GCC_C_LANGUAGE_STANDARD = gnu17;
				GCC_NO_COMMON_BLOCKS = YES;
				GCC_WARN_64_TO_32_BIT_CONVERSION = YES;
				GCC_WARN_ABOUT_RETURN_TYPE = YES_ERROR;
				GCC_WARN_UNDECLARED_SELECTOR = YES;
				GCC_WARN_UNINITIALIZED_AUTOS = YES_AGGRESSIVE;
				GCC_WARN_UNUSED_FUNCTION = YES;
				GCC_WARN_UNUSED_VARIABLE = YES;
				IPHONEOS_DEPLOYMENT_TARGET = 16.0;
				LOCALIZATION_PREFERS_STRING_CATALOGS = YES;
				MTL_ENABLE_DEBUG_INFO = NO;
				MTL_FAST_MATH = YES;
				SDKROOT = iphoneos;
				SWIFT_COMPILATION_MODE = wholemodule;
				VALIDATE_PRODUCT = YES;
			};
			name = Release;
		};
		7A78D1A62B327245001107FB /* Debug */ = {
			isa = XCBuildConfiguration;
			buildSettings = {
				ASSETCATALOG_COMPILER_APPICON_NAME = AppIcon;
				ASSETCATALOG_COMPILER_GLOBAL_ACCENT_COLOR_NAME = AccentColor;
				CODE_SIGN_STYLE = Automatic;
				CURRENT_PROJECT_VERSION = 1;
				DEVELOPMENT_ASSET_PATHS = "\"CodingPractice/Preview Content\"";
				DEVELOPMENT_TEAM = J5T6Z5N38H;
				ENABLE_PREVIEWS = YES;
				GENERATE_INFOPLIST_FILE = YES;
				INFOPLIST_FILE = CodingPractice/Info.plist;
				INFOPLIST_KEY_UIApplicationSceneManifest_Generation = YES;
				INFOPLIST_KEY_UIApplicationSupportsIndirectInputEvents = YES;
				INFOPLIST_KEY_UILaunchScreen_Generation = YES;
				INFOPLIST_KEY_UISupportedInterfaceOrientations_iPad = "UIInterfaceOrientationPortrait UIInterfaceOrientationPortraitUpsideDown UIInterfaceOrientationLandscapeLeft UIInterfaceOrientationLandscapeRight";
				INFOPLIST_KEY_UISupportedInterfaceOrientations_iPhone = "UIInterfaceOrientationPortrait UIInterfaceOrientationLandscapeLeft UIInterfaceOrientationLandscapeRight";
				IPHONEOS_DEPLOYMENT_TARGET = 17.0;
				LD_RUNPATH_SEARCH_PATHS = (
					"$(inherited)",
					"@executable_path/Frameworks",
				);
				MARKETING_VERSION = 1.0;
				PRODUCT_BUNDLE_IDENTIFIER = PixleyConsulting.CodingPractice;
				PRODUCT_NAME = "$(TARGET_NAME)";
				SWIFT_EMIT_LOC_STRINGS = YES;
				SWIFT_VERSION = 5.0;
				TARGETED_DEVICE_FAMILY = "1,2";
			};
			name = Debug;
		};
		7A78D1A72B327245001107FB /* Release */ = {
			isa = XCBuildConfiguration;
			buildSettings = {
				ASSETCATALOG_COMPILER_APPICON_NAME = AppIcon;
				ASSETCATALOG_COMPILER_GLOBAL_ACCENT_COLOR_NAME = AccentColor;
				CODE_SIGN_STYLE = Automatic;
				CURRENT_PROJECT_VERSION = 1;
				DEVELOPMENT_ASSET_PATHS = "\"CodingPractice/Preview Content\"";
				DEVELOPMENT_TEAM = J5T6Z5N38H;
				ENABLE_PREVIEWS = YES;
				GENERATE_INFOPLIST_FILE = YES;
				INFOPLIST_FILE = CodingPractice/Info.plist;
				INFOPLIST_KEY_UIApplicationSceneManifest_Generation = YES;
				INFOPLIST_KEY_UIApplicationSupportsIndirectInputEvents = YES;
				INFOPLIST_KEY_UILaunchScreen_Generation = YES;
				INFOPLIST_KEY_UISupportedInterfaceOrientations_iPad = "UIInterfaceOrientationPortrait UIInterfaceOrientationPortraitUpsideDown UIInterfaceOrientationLandscapeLeft UIInterfaceOrientationLandscapeRight";
				INFOPLIST_KEY_UISupportedInterfaceOrientations_iPhone = "UIInterfaceOrientationPortrait UIInterfaceOrientationLandscapeLeft UIInterfaceOrientationLandscapeRight";
				IPHONEOS_DEPLOYMENT_TARGET = 17.0;
				LD_RUNPATH_SEARCH_PATHS = (
					"$(inherited)",
					"@executable_path/Frameworks",
				);
				MARKETING_VERSION = 1.0;
				PRODUCT_BUNDLE_IDENTIFIER = PixleyConsulting.CodingPractice;
				PRODUCT_NAME = "$(TARGET_NAME)";
				SWIFT_EMIT_LOC_STRINGS = YES;
				SWIFT_VERSION = 5.0;
				TARGETED_DEVICE_FAMILY = "1,2";
			};
			name = Release;
		};
		7A78D1A92B327245001107FB /* Debug */ = {
			isa = XCBuildConfiguration;
			buildSettings = {
				ALWAYS_EMBED_SWIFT_STANDARD_LIBRARIES = YES;
				BUNDLE_LOADER = "$(TEST_HOST)";
				CODE_SIGN_STYLE = Automatic;
				CURRENT_PROJECT_VERSION = 1;
				DEVELOPMENT_TEAM = J5T6Z5N38H;
				GENERATE_INFOPLIST_FILE = YES;
				IPHONEOS_DEPLOYMENT_TARGET = 17.2;
				MARKETING_VERSION = 1.0;
				PRODUCT_BUNDLE_IDENTIFIER = PixleyConsulting.CodingPracticeTests;
				PRODUCT_NAME = "$(TARGET_NAME)";
				SWIFT_EMIT_LOC_STRINGS = NO;
				SWIFT_VERSION = 5.0;
				TARGETED_DEVICE_FAMILY = "1,2";
				TEST_HOST = "$(BUILT_PRODUCTS_DIR)/CodingPractice.app/$(BUNDLE_EXECUTABLE_FOLDER_PATH)/CodingPractice";
			};
			name = Debug;
		};
		7A78D1AA2B327245001107FB /* Release */ = {
			isa = XCBuildConfiguration;
			buildSettings = {
				ALWAYS_EMBED_SWIFT_STANDARD_LIBRARIES = YES;
				BUNDLE_LOADER = "$(TEST_HOST)";
				CODE_SIGN_STYLE = Automatic;
				CURRENT_PROJECT_VERSION = 1;
				DEVELOPMENT_TEAM = J5T6Z5N38H;
				GENERATE_INFOPLIST_FILE = YES;
				IPHONEOS_DEPLOYMENT_TARGET = 17.2;
				MARKETING_VERSION = 1.0;
				PRODUCT_BUNDLE_IDENTIFIER = PixleyConsulting.CodingPracticeTests;
				PRODUCT_NAME = "$(TARGET_NAME)";
				SWIFT_EMIT_LOC_STRINGS = NO;
				SWIFT_VERSION = 5.0;
				TARGETED_DEVICE_FAMILY = "1,2";
				TEST_HOST = "$(BUILT_PRODUCTS_DIR)/CodingPractice.app/$(BUNDLE_EXECUTABLE_FOLDER_PATH)/CodingPractice";
			};
			name = Release;
		};
		7A78D1AC2B327245001107FB /* Debug */ = {
			isa = XCBuildConfiguration;
			buildSettings = {
				ALWAYS_EMBED_SWIFT_STANDARD_LIBRARIES = YES;
				CODE_SIGN_STYLE = Automatic;
				CURRENT_PROJECT_VERSION = 1;
				DEVELOPMENT_TEAM = J5T6Z5N38H;
				GENERATE_INFOPLIST_FILE = YES;
				MARKETING_VERSION = 1.0;
				PRODUCT_BUNDLE_IDENTIFIER = PixleyConsulting.CodingPracticeUITests;
				PRODUCT_NAME = "$(TARGET_NAME)";
				SWIFT_EMIT_LOC_STRINGS = NO;
				SWIFT_VERSION = 5.0;
				TARGETED_DEVICE_FAMILY = "1,2";
				TEST_TARGET_NAME = CodingPractice;
			};
			name = Debug;
		};
		7A78D1AD2B327245001107FB /* Release */ = {
			isa = XCBuildConfiguration;
			buildSettings = {
				ALWAYS_EMBED_SWIFT_STANDARD_LIBRARIES = YES;
				CODE_SIGN_STYLE = Automatic;
				CURRENT_PROJECT_VERSION = 1;
				DEVELOPMENT_TEAM = J5T6Z5N38H;
				GENERATE_INFOPLIST_FILE = YES;
				MARKETING_VERSION = 1.0;
				PRODUCT_BUNDLE_IDENTIFIER = PixleyConsulting.CodingPracticeUITests;
				PRODUCT_NAME = "$(TARGET_NAME)";
				SWIFT_EMIT_LOC_STRINGS = NO;
				SWIFT_VERSION = 5.0;
				TARGETED_DEVICE_FAMILY = "1,2";
				TEST_TARGET_NAME = CodingPractice;
			};
			name = Release;
		};
/* End XCBuildConfiguration section */

/* Begin XCConfigurationList section */
		7A78D17C2B327243001107FB /* Build configuration list for PBXProject "CodingPractice" */ = {
			isa = XCConfigurationList;
			buildConfigurations = (
				7A78D1A32B327245001107FB /* Debug */,
				7A78D1A42B327245001107FB /* Release */,
			);
			defaultConfigurationIsVisible = 0;
			defaultConfigurationName = Release;
		};
		7A78D1A52B327245001107FB /* Build configuration list for PBXNativeTarget "CodingPractice" */ = {
			isa = XCConfigurationList;
			buildConfigurations = (
				7A78D1A62B327245001107FB /* Debug */,
				7A78D1A72B327245001107FB /* Release */,
			);
			defaultConfigurationIsVisible = 0;
			defaultConfigurationName = Release;
		};
		7A78D1A82B327245001107FB /* Build configuration list for PBXNativeTarget "CodingPracticeTests" */ = {
			isa = XCConfigurationList;
			buildConfigurations = (
				7A78D1A92B327245001107FB /* Debug */,
				7A78D1AA2B327245001107FB /* Release */,
			);
			defaultConfigurationIsVisible = 0;
			defaultConfigurationName = Release;
		};
		7A78D1AB2B327245001107FB /* Build configuration list for PBXNativeTarget "CodingPracticeUITests" */ = {
			isa = XCConfigurationList;
			buildConfigurations = (
				7A78D1AC2B327245001107FB /* Debug */,
				7A78D1AD2B327245001107FB /* Release */,
			);
			defaultConfigurationIsVisible = 0;
			defaultConfigurationName = Release;
		};
/* End XCConfigurationList section */
	};
	rootObject = 7A78D1792B327243001107FB /* Project object */;
}
